
Microsoft Visual Studio Solution File, Format Version 12.00
# Visual Studio Version 17
VisualStudioVersion = 17.0.31903.59
MinimumVisualStudioVersion = 10.0.40219.1
Project("{FAE04EC0-301F-11D3-BF4B-00C04F79EFBC}") = "Sample_culture", "Sample_culture\Sample_culture.csproj", "{201CA7DF-898A-43D8-A57E-B707B7DCD99B}"
EndProject
Global
	GlobalSection(SolutionConfigurationPlatforms) = preSolution
		Debug|Any CPU = Debug|Any CPU
		Release|Any CPU = Release|Any CPU
	EndGlobalSection
	GlobalSection(ProjectConfigurationPlatforms) = postSolution
		{201CA7DF-898A-43D8-A57E-B707B7DCD99B}.Debug|Any CPU.ActiveCfg = Debug|Any CPU
		{201CA7DF-898A-43D8-A57E-B707B7DCD99B}.Debug|Any CPU.Build.0 = Debug|Any CPU
		{201CA7DF-898A-43D8-A57E-B707B7DCD99B}.Release|Any CPU.ActiveCfg = Release|Any CPU
		{201CA7DF-898A-43D8-A57E-B707B7DCD99B}.Release|Any CPU.Build.0 = Release|Any CPU
	EndGlobalSection
	GlobalSection(SolutionProperties) = preSolution
		HideSolutionNode = FALSE
	EndGlobalSection
	GlobalSection(ExtensibilityGlobals) = postSolution
		SolutionGuid = {8751BC96-119D-4247-8718-493FCB303C4A}
	EndGlobalSection
EndGlobal
